
Microsoft Visual Studio Solution File, Format Version 12.00
# Visual Studio Version 16
VisualStudioVersion = 16.0.29503.13
MinimumVisualStudioVersion = 10.0.40219.1
Project("{FAE04EC0-301F-11D3-BF4B-00C04F79EFBC}") = "Order Webapp", "Order Webapp\Order Webapp.csproj", "{B58B7393-7E68-47FB-BCEB-4C87E1B33CF0}"
EndProject
Global
	GlobalSection(SolutionConfigurationPlatforms) = preSolution
		Debug|Any CPU = Debug|Any CPU
		Release|Any CPU = Release|Any CPU
	EndGlobalSection
	GlobalSection(ProjectConfigurationPlatforms) = postSolution
		{B58B7393-7E68-47FB-BCEB-4C87E1B33CF0}.Debug|Any CPU.ActiveCfg = Debug|Any CPU
		{B58B7393-7E68-47FB-BCEB-4C87E1B33CF0}.Debug|Any CPU.Build.0 = Debug|Any CPU
		{B58B7393-7E68-47FB-BCEB-4C87E1B33CF0}.Release|Any CPU.ActiveCfg = Release|Any CPU
		{B58B7393-7E68-47FB-BCEB-4C87E1B33CF0}.Release|Any CPU.Build.0 = Release|Any CPU
	EndGlobalSection
	GlobalSection(SolutionProperties) = preSolution
		HideSolutionNode = FALSE
	EndGlobalSection
	GlobalSection(ExtensibilityGlobals) = postSolution
		SolutionGuid = {366F080E-F601-4F3D-BDDF-E24F9CD139B8}
	EndGlobalSection
EndGlobal
